{
  "name": "ll-mp3",
  "version": "1.0.0",
  "lockfileVersion": 1,
  "requires": true,
  "dependencies": {
    "chardet": {
      "version": "0.8.0",
      "resolved": "https://registry.npmjs.org/chardet/-/chardet-0.8.0.tgz",
      "integrity": "sha512-fRAe54sDSPvCz9I3puKUoUpLBEIUjlwBoNyNcD2eAiP5Ybw2iXnrT7w15hfkNywosXFNllWwvOKsxl7UUCKQaQ=="
    },
    "cue-parser": {
      "version": "0.2.1",
      "resolved": "https://registry.npmjs.org/cue-parser/-/cue-parser-0.2.1.tgz",
      "integrity": "sha512-rw1DoeM1AwlIsbAlDL8BjXne0Brv8l3sR082olI+Ux5Abg3NTDh6yb6Io4rJfmXs46ZK5i+yUq5VMnA14+FM9Q==",
      "requires": {
        "chardet": "^0.8.0"
      }
    }
  }
}
